{
  "name": "rpi-led-display",
  "version": "0.0.0",
  "lockfileVersion": 1,
  "requires": true,
  "dependencies": {
    "easybotics-rpi-rgb-led-matrix": {
      "version": "0.3.0",
      "resolved": "https://registry.npmjs.org/easybotics-rpi-rgb-led-matrix/-/easybotics-rpi-rgb-led-matrix-0.3.0.tgz",
      "integrity": "sha512-TA0uXvnENg5Wx2pbd/Y77nynGxTOdtQECQBiOfagtyTwbJxpVy9A0n70/qZYtiK51CJwHNCrNgvbM2niFD9D0Q==",
      "requires": {
        "nan": "^2.2.0"
      }
    },
    "nan": {
      "version": "2.14.0",
      "resolved": "https://registry.npmjs.org/nan/-/nan-2.14.0.tgz",
      "integrity": "sha512-INOFj37C7k3AfaNTtX8RhsTw7qRy7eLET14cROi9+5HAVbbHuIWUHEauBv5qT4Av2tWasiTY1Jw6puUNqRJXQg=="
    }
  }
}
